// !$*UTF8*$!
{
	archiveVersion = 1;
	classes = {
	};
	objectVersion = 50;
	objects = {

/* Begin PBXBuildFile section */
		87101CEE21E610510003313E /* offsets.cc in Sources */ = {isa = PBXBuildFile; fileRef = 87101CED21E610510003313E /* offsets.cc */; };
		876A8BF921D4EC9100264F40 /* AppDelegate.m in Sources */ = {isa = PBXBuildFile; fileRef = 876A8BF821D4EC9100264F40 /* AppDelegate.m */; };
		876A8BFC21D4EC9100264F40 /* ViewController.m in Sources */ = {isa = PBXBuildFile; fileRef = 876A8BFB21D4EC9100264F40 /* ViewController.m */; };
		876A8BFF21D4EC9100264F40 /* Main.storyboard in Resources */ = {isa = PBXBuildFile; fileRef = 876A8BFD21D4EC9100264F40 /* Main.storyboard */; };
		876A8C0121D4EC9200264F40 /* Assets.xcassets in Resources */ = {isa = PBXBuildFile; fileRef = 876A8C0021D4EC9200264F40 /* Assets.xcassets */; };
		876A8C0421D4EC9200264F40 /* LaunchScreen.storyboard in Resources */ = {isa = PBXBuildFile; fileRef = 876A8C0221D4EC9200264F40 /* LaunchScreen.storyboard */; };
		876A8C0721D4EC9200264F40 /* main.m in Sources */ = {isa = PBXBuildFile; fileRef = 876A8C0621D4EC9200264F40 /* main.m */; };
		876A8C0F21D4ECAB00264F40 /* treadm1ll.c in Sources */ = {isa = PBXBuildFile; fileRef = 876A8C0E21D4ECAB00264F40 /* treadm1ll.c */; };
		877F0E3521DBDD4000578583 /* IOKit.framework in Frameworks */ = {isa = PBXBuildFile; fileRef = 877F0E3421DBDD4000578583 /* IOKit.framework */; };
/* End PBXBuildFile section */

/* Begin PBXFileReference section */
		87101CEC21E610510003313E /* offsets.h */ = {isa = PBXFileReference; lastKnownFileType = sourcecode.c.h; path = offsets.h; sourceTree = "<group>"; };
		87101CED21E610510003313E /* offsets.cc */ = {isa = PBXFileReference; lastKnownFileType = sourcecode.cpp.cpp; path = offsets.cc; sourceTree = "<group>"; };
		876A8BF421D4EC9100264F40 /* treadm1ll.app */ = {isa = PBXFileReference; explicitFileType = wrapper.application; includeInIndex = 0; path = treadm1ll.app; sourceTree = BUILT_PRODUCTS_DIR; };
		876A8BF721D4EC9100264F40 /* AppDelegate.h */ = {isa = PBXFileReference; lastKnownFileType = sourcecode.c.h; path = AppDelegate.h; sourceTree = "<group>"; };
		876A8BF821D4EC9100264F40 /* AppDelegate.m */ = {isa = PBXFileReference; lastKnownFileType = sourcecode.c.objc; path = AppDelegate.m; sourceTree = "<group>"; };
		876A8BFA21D4EC9100264F40 /* ViewController.h */ = {isa = PBXFileReference; lastKnownFileType = sourcecode.c.h; path = ViewController.h; sourceTree = "<group>"; };
		876A8BFB21D4EC9100264F40 /* ViewController.m */ = {isa = PBXFileReference; lastKnownFileType = sourcecode.c.objc; path = ViewController.m; sourceTree = "<group>"; };
		876A8BFE21D4EC9100264F40 /* Base */ = {isa = PBXFileReference; lastKnownFileType = file.storyboard; name = Base; path = Base.lproj/Main.storyboard; sourceTree = "<group>"; };
		876A8C0021D4EC9200264F40 /* Assets.xcassets */ = {isa = PBXFileReference; lastKnownFileType = folder.assetcatalog; path = Assets.xcassets; sourceTree = "<group>"; };
		876A8C0321D4EC9200264F40 /* Base */ = {isa = PBXFileReference; lastKnownFileType = file.storyboard; name = Base; path = Base.lproj/LaunchScreen.storyboard; sourceTree = "<group>"; };
		876A8C0521D4EC9200264F40 /* Info.plist */ = {isa = PBXFileReference; lastKnownFileType = text.plist.xml; path = Info.plist; sourceTree = "<group>"; };
		876A8C0621D4EC9200264F40 /* main.m */ = {isa = PBXFileReference; lastKnownFileType = sourcecode.c.objc; path = main.m; sourceTree = "<group>"; };
		876A8C0D21D4ECAB00264F40 /* treadm1ll.h */ = {isa = PBXFileReference; lastKnownFileType = sourcecode.c.h; path = treadm1ll.h; sourceTree = "<group>"; };
		876A8C0E21D4ECAB00264F40 /* treadm1ll.c */ = {isa = PBXFileReference; lastKnownFileType = sourcecode.c.c; path = treadm1ll.c; sourceTree = "<group>"; };
		877F0E3421DBDD4000578583 /* IOKit.framework */ = {isa = PBXFileReference; lastKnownFileType = wrapper.framework; path = IOKit.framework; sourceTree = "<group>"; };
/* End PBXFileReference section */

/* Begin PBXFrameworksBuildPhase section */
		876A8BF121D4EC9100264F40 /* Frameworks */ = {
			isa = PBXFrameworksBuildPhase;
			buildActionMask = 2147483647;
			files = (
				877F0E3521DBDD4000578583 /* IOKit.framework in Frameworks */,
			);
			runOnlyForDeploymentPostprocessing = 0;
		};
/* End PBXFrameworksBuildPhase section */

/* Begin PBXGroup section */
		876A8BEB21D4EC9100264F40 = {
			isa = PBXGroup;
			children = (
				876A8BF621D4EC9100264F40 /* treadm1ll */,
				876A8BF521D4EC9100264F40 /* Products */,
				877F0E3321DBDD4000578583 /* Frameworks */,
			);
			sourceTree = "<group>";
		};
		876A8BF521D4EC9100264F40 /* Products */ = {
			isa = PBXGroup;
			children = (
				876A8BF421D4EC9100264F40 /* treadm1ll.app */,
			);
			name = Products;
			sourceTree = "<group>";
		};
		876A8BF621D4EC9100264F40 /* treadm1ll */ = {
			isa = PBXGroup;
			children = (
				876A8BF721D4EC9100264F40 /* AppDelegate.h */,
				876A8BF821D4EC9100264F40 /* AppDelegate.m */,
				876A8BFA21D4EC9100264F40 /* ViewController.h */,
				876A8BFB21D4EC9100264F40 /* ViewController.m */,
				87101CEC21E610510003313E /* offsets.h */,
				87101CED21E610510003313E /* offsets.cc */,
				876A8C0D21D4ECAB00264F40 /* treadm1ll.h */,
				876A8C0E21D4ECAB00264F40 /* treadm1ll.c */,
				876A8BFD21D4EC9100264F40 /* Main.storyboard */,
				876A8C0021D4EC9200264F40 /* Assets.xcassets */,
				876A8C0221D4EC9200264F40 /* LaunchScreen.storyboard */,
				876A8C0521D4EC9200264F40 /* Info.plist */,
				876A8C0621D4EC9200264F40 /* main.m */,
			);
			path = treadm1ll;
			sourceTree = "<group>";
		};
		877F0E3321DBDD4000578583 /* Frameworks */ = {
			isa = PBXGroup;
			children = (
				877F0E3421DBDD4000578583 /* IOKit.framework */,
			);
			name = Frameworks;
			sourceTree = "<group>";
		};
/* End PBXGroup section */

/* Begin PBXNativeTarget section */
		876A8BF321D4EC9100264F40 /* treadm1ll */ = {
			isa = PBXNativeTarget;
			buildConfigurationList = 876A8C0A21D4EC9200264F40 /* Build configuration list for PBXNativeTarget "treadm1ll" */;
			buildPhases = (
				876A8BF021D4EC9100264F40 /* Sources */,
				876A8BF121D4EC9100264F40 /* Frameworks */,
				876A8BF221D4EC9100264F40 /* Resources */,
			);
			buildRules = (
			);
			dependencies = (
			);
			name = treadm1ll;
			productName = treadm1ll;
			productReference = 876A8BF421D4EC9100264F40 /* treadm1ll.app */;
			productType = "com.apple.product-type.application";
		};
/* End PBXNativeTarget section */

/* Begin PBXProject section */
		876A8BEC21D4EC9100264F40 /* Project object */ = {
			isa = PBXProject;
			attributes = {
				LastUpgradeCheck = 1000;
				ORGANIZATIONNAME = tihmstar;
				TargetAttributes = {
					876A8BF321D4EC9100264F40 = {
						CreatedOnToolsVersion = 10.0;
					};
				};
			};
			buildConfigurationList = 876A8BEF21D4EC9100264F40 /* Build configuration list for PBXProject "treadm1ll" */;
			compatibilityVersion = "Xcode 9.3";
			developmentRegion = en;
			hasScannedForEncodings = 0;
			knownRegions = (
				en,
				Base,
			);
			mainGroup = 876A8BEB21D4EC9100264F40;
			productRefGroup = 876A8BF521D4EC9100264F40 /* Products */;
			projectDirPath = "";
			projectRoot = "";
			targets = (
				876A8BF321D4EC9100264F40 /* treadm1ll */,
			);
		};
/* End PBXProject section */

/* Begin PBXResourcesBuildPhase section */
		876A8BF221D4EC9100264F40 /* Resources */ = {
			isa = PBXResourcesBuildPhase;
			buildActionMask = 2147483647;
			files = (
				876A8C0421D4EC9200264F40 /* LaunchScreen.storyboard in Resources */,
				876A8C0121D4EC9200264F40 /* Assets.xcassets in Resources */,
				876A8BFF21D4EC9100264F40 /* Main.storyboard in Resources */,
			);
			runOnlyForDeploymentPostprocessing = 0;
		};
/* End PBXResourcesBuildPhase section */

/* Begin PBXSourcesBuildPhase section */
		876A8BF021D4EC9100264F40 /* Sources */ = {
			isa = PBXSourcesBuildPhase;
			buildActionMask = 2147483647;
			files = (
				87101CEE21E610510003313E /* offsets.cc in Sources */,
				876A8BFC21D4EC9100264F40 /* ViewController.m in Sources */,
				876A8C0721D4EC9200264F40 /* main.m in Sources */,
				876A8BF921D4EC9100264F40 /* AppDelegate.m in Sources */,
				876A8C0F21D4ECAB00264F40 /* treadm1ll.c in Sources */,
			);
			runOnlyForDeploymentPostprocessing = 0;
		};
/* End PBXSourcesBuildPhase section */

/* Begin PBXVariantGroup section */
		876A8BFD21D4EC9100264F40 /* Main.storyboard */ = {
			isa = PBXVariantGroup;
			children = (
				876A8BFE21D4EC9100264F40 /* Base */,
			);
			name = Main.storyboard;
			sourceTree = "<group>";
		};
		876A8C0221D4EC9200264F40 /* LaunchScreen.storyboard */ = {
			isa = PBXVariantGroup;
			children = (
				876A8C0321D4EC9200264F40 /* Base */,
			);
			name = LaunchScreen.storyboard;
			sourceTree = "<group>";
		};
/* End PBXVariantGroup section */

/* Begin XCBuildConfiguration section */
		876A8C0821D4EC9200264F40 /* Debug */ = {
			isa = XCBuildConfiguration;
			buildSettings = {
				ALWAYS_SEARCH_USER_PATHS = NO;
				CLANG_ANALYZER_NONNULL = YES;
				CLANG_ANALYZER_NUMBER_OBJECT_CONVERSION = YES_AGGRESSIVE;
				CLANG_CXX_LANGUAGE_STANDARD = "gnu++14";
				CLANG_CXX_LIBRARY = "libc++";
				CLANG_ENABLE_MODULES = YES;
				CLANG_ENABLE_OBJC_ARC = YES;
				CLANG_ENABLE_OBJC_WEAK = YES;
				CLANG_WARN_BLOCK_CAPTURE_AUTORELEASING = YES;
				CLANG_WARN_BOOL_CONVERSION = YES;
				CLANG_WARN_COMMA = YES;
				CLANG_WARN_CONSTANT_CONVERSION = YES;
				CLANG_WARN_DEPRECATED_OBJC_IMPLEMENTATIONS = YES;
				CLANG_WARN_DIRECT_OBJC_ISA_USAGE = YES_ERROR;
				CLANG_WARN_DOCUMENTATION_COMMENTS = YES;
				CLANG_WARN_EMPTY_BODY = YES;
				CLANG_WARN_ENUM_CONVERSION = YES;
				CLANG_WARN_INFINITE_RECURSION = YES;
				CLANG_WARN_INT_CONVERSION = YES;
				CLANG_WARN_NON_LITERAL_NULL_CONVERSION = YES;
				CLANG_WARN_OBJC_IMPLICIT_RETAIN_SELF = YES;
				CLANG_WARN_OBJC_LITERAL_CONVERSION = YES;
				CLANG_WARN_OBJC_ROOT_CLASS = YES_ERROR;
				CLANG_WARN_RANGE_LOOP_ANALYSIS = YES;
				CLANG_WARN_STRICT_PROTOTYPES = YES;
				CLANG_WARN_SUSPICIOUS_MOVE = YES;
				CLANG_WARN_UNGUARDED_AVAILABILITY = YES_AGGRESSIVE;
				CLANG_WARN_UNREACHABLE_CODE = YES;
				CLANG_WARN__DUPLICATE_METHOD_MATCH = YES;
				CODE_SIGN_IDENTITY = "iPhone Developer";
				COPY_PHASE_STRIP = NO;
				DEBUG_INFORMATION_FORMAT = dwarf;
				ENABLE_STRICT_OBJC_MSGSEND = YES;
				ENABLE_TESTABILITY = YES;
				GCC_C_LANGUAGE_STANDARD = gnu11;
				GCC_DYNAMIC_NO_PIC = NO;
				GCC_NO_COMMON_BLOCKS = YES;
				GCC_OPTIMIZATION_LEVEL = 0;
				GCC_PREPROCESSOR_DEFINITIONS = (
					"DEBUG=1",
					"$(inherited)",
				);
				GCC_WARN_64_TO_32_BIT_CONVERSION = YES;
				GCC_WARN_ABOUT_RETURN_TYPE = YES_ERROR;
				GCC_WARN_UNDECLARED_SELECTOR = YES;
				GCC_WARN_UNINITIALIZED_AUTOS = YES_AGGRESSIVE;
				GCC_WARN_UNUSED_FUNCTION = YES;
				GCC_WARN_UNUSED_VARIABLE = YES;
				IPHONEOS_DEPLOYMENT_TARGET = 12.0;
				MTL_ENABLE_DEBUG_INFO = INCLUDE_SOURCE;
				ONLY_ACTIVE_ARCH = YES;
				SDKROOT = iphoneos;
			};
			name = Debug;
		};
		876A8C0921D4EC9200264F40 /* Release */ = {
			isa = XCBuildConfiguration;
			buildSettings = {
				ALWAYS_SEARCH_USER_PATHS = NO;
				CLANG_ANALYZER_NONNULL = YES;
				CLANG_ANALYZER_NUMBER_OBJECT_CONVERSION = YES_AGGRESSIVE;
				CLANG_CXX_LANGUAGE_STANDARD = "gnu++14";
				CLANG_CXX_LIBRARY = "libc++";
				CLANG_ENABLE_MODULES = YES;
				CLANG_ENABLE_OBJC_ARC = YES;
				CLANG_ENABLE_OBJC_WEAK = YES;
				CLANG_WARN_BLOCK_CAPTURE_AUTORELEASING = YES;
				CLANG_WARN_BOOL_CONVERSION = YES;
				CLANG_WARN_COMMA = YES;
				CLANG_WARN_CONSTANT_CONVERSION = YES;
				CLANG_WARN_DEPRECATED_OBJC_IMPLEMENTATIONS = YES;
				CLANG_WARN_DIRECT_OBJC_ISA_USAGE = YES_ERROR;
				CLANG_WARN_DOCUMENTATION_COMMENTS = YES;
				CLANG_WARN_EMPTY_BODY = YES;
				CLANG_WARN_ENUM_CONVERSION = YES;
				CLANG_WARN_INFINITE_RECURSION = YES;
				CLANG_WARN_INT_CONVERSION = YES;
				CLANG_WARN_NON_LITERAL_NULL_CONVERSION = YES;
				CLANG_WARN_OBJC_IMPLICIT_RETAIN_SELF = YES;
				CLANG_WARN_OBJC_LITERAL_CONVERSION = YES;
				CLANG_WARN_OBJC_ROOT_CLASS = YES_ERROR;
				CLANG_WARN_RANGE_LOOP_ANALYSIS = YES;
				CLANG_WARN_STRICT_PROTOTYPES = YES;
				CLANG_WARN_SUSPICIOUS_MOVE = YES;
				CLANG_WARN_UNGUARDED_AVAILABILITY = YES_AGGRESSIVE;
				CLANG_WARN_UNREACHABLE_CODE = YES;
				CLANG_WARN__DUPLICATE_METHOD_MATCH = YES;
				CODE_SIGN_IDENTITY = "iPhone Developer";
				COPY_PHASE_STRIP = NO;
				DEBUG_INFORMATION_FORMAT = "dwarf-with-dsym";
				ENABLE_NS_ASSERTIONS = NO;
				ENABLE_STRICT_OBJC_MSGSEND = YES;
				GCC_C_LANGUAGE_STANDARD = gnu11;
				GCC_NO_COMMON_BLOCKS = YES;
				GCC_WARN_64_TO_32_BIT_CONVERSION = YES;
				GCC_WARN_ABOUT_RETURN_TYPE = YES_ERROR;
				GCC_WARN_UNDECLARED_SELECTOR = YES;
				GCC_WARN_UNINITIALIZED_AUTOS = YES_AGGRESSIVE;
				GCC_WARN_UNUSED_FUNCTION = YES;
				GCC_WARN_UNUSED_VARIABLE = YES;
				IPHONEOS_DEPLOYMENT_TARGET = 12.0;
				MTL_ENABLE_DEBUG_INFO = NO;
				SDKROOT = iphoneos;
				VALIDATE_PRODUCT = YES;
			};
			name = Release;
		};
		876A8C0B21D4EC9200264F40 /* Debug */ = {
			isa = XCBuildConfiguration;
			buildSettings = {
				ASSETCATALOG_COMPILER_APPICON_NAME = AppIcon;
				CODE_SIGN_INJECT_BASE_ENTITLEMENTS = YES;
				CODE_SIGN_STYLE = Manual;
				DEVELOPMENT_TEAM = "";
				FRAMEWORK_SEARCH_PATHS = (
					"$(inherited)",
					"$(PROJECT_DIR)",
				);
				GCC_C_LANGUAGE_STANDARD = gnu11;
				INFOPLIST_FILE = treadm1ll/Info.plist;
				IPHONEOS_DEPLOYMENT_TARGET = 11.0;
				LD_RUNPATH_SEARCH_PATHS = (
					"$(inherited)",
					"@executable_path/Frameworks",
				);
				PRODUCT_BUNDLE_IDENTIFIER = net.tihmstar.treadm1ll;
				PRODUCT_NAME = "$(TARGET_NAME)";
				PROVISIONING_PROFILE_SPECIFIER = "";
				TARGETED_DEVICE_FAMILY = "1,2";
			};
			name = Debug;
		};
		876A8C0C21D4EC9200264F40 /* Release */ = {
			isa = XCBuildConfiguration;
			buildSettings = {
				ASSETCATALOG_COMPILER_APPICON_NAME = AppIcon;
				CODE_SIGN_INJECT_BASE_ENTITLEMENTS = YES;
				CODE_SIGN_STYLE = Manual;
				DEVELOPMENT_TEAM = "";
				FRAMEWORK_SEARCH_PATHS = (
					"$(inherited)",
					"$(PROJECT_DIR)",
				);
				GCC_C_LANGUAGE_STANDARD = gnu11;
				INFOPLIST_FILE = treadm1ll/Info.plist;
				IPHONEOS_DEPLOYMENT_TARGET = 11.0;
				LD_RUNPATH_SEARCH_PATHS = (
					"$(inherited)",
					"@executable_path/Frameworks",
				);
				PRODUCT_BUNDLE_IDENTIFIER = net.tihmstar.treadm1ll;
				PRODUCT_NAME = "$(TARGET_NAME)";
				PROVISIONING_PROFILE_SPECIFIER = "";
				TARGETED_DEVICE_FAMILY = "1,2";
			};
			name = Release;
		};
/* End XCBuildConfiguration section */

/* Begin XCConfigurationList section */
		876A8BEF21D4EC9100264F40 /* Build configuration list for PBXProject "treadm1ll" */ = {
			isa = XCConfigurationList;
			buildConfigurations = (
				876A8C0821D4EC9200264F40 /* Debug */,
				876A8C0921D4EC9200264F40 /* Release */,
			);
			defaultConfigurationIsVisible = 0;
			defaultConfigurationName = Release;
		};
		876A8C0A21D4EC9200264F40 /* Build configuration list for PBXNativeTarget "treadm1ll" */ = {
			isa = XCConfigurationList;
			buildConfigurations = (
				876A8C0B21D4EC9200264F40 /* Debug */,
				876A8C0C21D4EC9200264F40 /* Release */,
			);
			defaultConfigurationIsVisible = 0;
			defaultConfigurationName = Release;
		};
/* End XCConfigurationList section */
	};
	rootObject = 876A8BEC21D4EC9100264F40 /* Project object */;
}
